# THIS IS AN AUTOGENERATED FILE. DO NOT EDIT THIS FILE DIRECTLY.
# yarn lockfile v1


opencollective-postinstall@^2.0.2:
  version "2.0.3"
  resolved "https://registry.yarnpkg.com/opencollective-postinstall/-/opencollective-postinstall-2.0.3.tgz#7a0fff978f6dbfa4d006238fbac98ed4198c3259"
  integrity sha512-8AV/sCtuzUeTo8gQK5qDZzARrulB3egtLzFgteqB2tcT4Mw7B8Kt7JcDHmltjz6FOAHsvTevk70gZEbhM4ZS9Q==

super-tiny-icons@0.3.2:
  version "0.3.2"
  resolved "https://registry.yarnpkg.com/super-tiny-icons/-/super-tiny-icons-0.3.2.tgz#dfcb56265b3a3b04b26c7f9b462ba11c6ab58eb8"
  integrity sha512-+cYkdElhyJbNBNDMyXUdsh7BlgywqKjkBUylxgMYWmJawvBGxD29f3rpueMcj2RHoSrdJzHwsDFJciWxcTeR4Q==
  dependencies:
    opencollective-postinstall "^2.0.2"

svelte@^3.24.0:
  version "3.24.1"
  resolved "https://registry.yarnpkg.com/svelte/-/svelte-3.24.1.tgz#aca364937dd1df27fe131e2a4c234acb6061db4b"
  integrity sha512-OX/IBVUJSFo1rnznXdwf9rv6LReJ3qQ0PwRjj76vfUWyTfbHbR9OXqJBnUrpjyis2dwYcbT2Zm1DFjOOF1ZbbQ==

svg-to-svelte@^2.0.0:
  version "2.0.0"
  resolved "https://registry.yarnpkg.com/svg-to-svelte/-/svg-to-svelte-2.0.0.tgz#0069ccd8dca85fb2fc233eac3b56c54235425c66"
  integrity sha512-zKVAPwmZvqgu04ulR/92HILIt3LAGP+RZTGFDsqsBXEw/qABGqhQFlkmqNAtRq4iV5iVRb+O6nQX0CgoVzwatw==
  dependencies:
    svelte "^3.24.0"
